Microsoft Visual Studio Solution File, Format Version 12.00
# Visual Studio Version 17
VisualStudioVersion = 17.5.2.0
MinimumVisualStudioVersion = 10.0.40219.1
Project("{FAE04EC0-301F-11D3-BF4B-00C04F79EFBC}") = "Calculator.Test", "Calculator.Test.csproj", "{9C653520-C537-7097-018E-19F8B423E178}"
EndProject
Global
	GlobalSection(SolutionConfigurationPlatforms) = preSolution
		Debug|Any CPU = Debug|Any CPU
		Release|Any CPU = Release|Any CPU
	EndGlobalSection
	GlobalSection(ProjectConfigurationPlatforms) = postSolution
		{9C653520-C537-7097-018E-19F8B423E178}.Debug|Any CPU.ActiveCfg = Debug|Any CPU
		{9C653520-C537-7097-018E-19F8B423E178}.Debug|Any CPU.Build.0 = Debug|Any CPU
		{9C653520-C537-7097-018E-19F8B423E178}.Release|Any CPU.ActiveCfg = Release|Any CPU
		{9C653520-C537-7097-018E-19F8B423E178}.Release|Any CPU.Build.0 = Release|Any CPU
	EndGlobalSection
	GlobalSection(SolutionProperties) = preSolution
		HideSolutionNode = FALSE
	EndGlobalSection
	GlobalSection(ExtensibilityGlobals) = postSolution
		SolutionGuid = {2A62928B-3055-4A44-9AA9-17D2C0E36F52}
	EndGlobalSection
EndGlobal
